// !$*UTF8*$!
{
	archiveVersion = 1;
	classes = {
	};
	objectVersion = 56;
	objects = {

/* Begin PBXBuildFile section */
		DB251DDD2A63993900AF16D4 /* AssignmentDetail.swift in Sources */ = {isa = PBXBuildFile; fileRef = DBFA9C5C2A638751003C05EB /* AssignmentDetail.swift */; };
		DBFA9C432A637C4E003C05EB /* GradeCalcApp.swift in Sources */ = {isa = PBXBuildFile; fileRef = DBFA9C422A637C4E003C05EB /* GradeCalcApp.swift */; };
		DBFA9C452A637C4E003C05EB /* ContentView.swift in Sources */ = {isa = PBXBuildFile; fileRef = DBFA9C442A637C4E003C05EB /* ContentView.swift */; };
		DBFA9C472A637C4E003C05EB /* Assets.xcassets in Resources */ = {isa = PBXBuildFile; fileRef = DBFA9C462A637C4E003C05EB /* Assets.xcassets */; };
		DBFA9C4B2A637C4E003C05EB /* Preview Assets.xcassets in Resources */ = {isa = PBXBuildFile; fileRef = DBFA9C4A2A637C4E003C05EB /* Preview Assets.xcassets */; };
		DBFA9C532A637CCA003C05EB /* GradeCalc.xcdatamodeld in Sources */ = {isa = PBXBuildFile; fileRef = DBFA9C512A637CCA003C05EB /* GradeCalc.xcdatamodeld */; };
		DBFA9C562A637D5E003C05EB /* DataController.swift in Sources */ = {isa = PBXBuildFile; fileRef = DBFA9C552A637D5E003C05EB /* DataController.swift */; };
		DBFA9C582A637F3B003C05EB /* AddAssignment.swift in Sources */ = {isa = PBXBuildFile; fileRef = DBFA9C572A637F3B003C05EB /* AddAssignment.swift */; };
		DBFA9C5B2A6386DD003C05EB /* AssignmentGroupView.swift in Sources */ = {isa = PBXBuildFile; fileRef = DBFA9C5A2A6386DD003C05EB /* AssignmentGroupView.swift */; };
/* End PBXBuildFile section */

/* Begin PBXFileReference section */
		DBFA9C3F2A637C4E003C05EB /* GradeCalc.app */ = {isa = PBXFileReference; explicitFileType = wrapper.application; includeInIndex = 0; path = GradeCalc.app; sourceTree = BUILT_PRODUCTS_DIR; };
		DBFA9C422A637C4E003C05EB /* GradeCalcApp.swift */ = {isa = PBXFileReference; lastKnownFileType = sourcecode.swift; path = GradeCalcApp.swift; sourceTree = "<group>"; };
		DBFA9C442A637C4E003C05EB /* ContentView.swift */ = {isa = PBXFileReference; lastKnownFileType = sourcecode.swift; path = ContentView.swift; sourceTree = "<group>"; };
		DBFA9C462A637C4E003C05EB /* Assets.xcassets */ = {isa = PBXFileReference; lastKnownFileType = folder.assetcatalog; path = Assets.xcassets; sourceTree = "<group>"; };
		DBFA9C482A637C4E003C05EB /* GradeCalc.entitlements */ = {isa = PBXFileReference; lastKnownFileType = text.plist.entitlements; path = GradeCalc.entitlements; sourceTree = "<group>"; };
		DBFA9C4A2A637C4E003C05EB /* Preview Assets.xcassets */ = {isa = PBXFileReference; lastKnownFileType = folder.assetcatalog; path = "Preview Assets.xcassets"; sourceTree = "<group>"; };
		DBFA9C522A637CCA003C05EB /* GradeCalc.xcdatamodel */ = {isa = PBXFileReference; lastKnownFileType = wrapper.xcdatamodel; path = GradeCalc.xcdatamodel; sourceTree = "<group>"; };
		DBFA9C552A637D5E003C05EB /* DataController.swift */ = {isa = PBXFileReference; lastKnownFileType = sourcecode.swift; path = DataController.swift; sourceTree = "<group>"; };
		DBFA9C572A637F3B003C05EB /* AddAssignment.swift */ = {isa = PBXFileReference; lastKnownFileType = sourcecode.swift; path = AddAssignment.swift; sourceTree = "<group>"; };
		DBFA9C5A2A6386DD003C05EB /* AssignmentGroupView.swift */ = {isa = PBXFileReference; lastKnownFileType = sourcecode.swift; path = AssignmentGroupView.swift; sourceTree = "<group>"; };
		DBFA9C5C2A638751003C05EB /* AssignmentDetail.swift */ = {isa = PBXFileReference; lastKnownFileType = sourcecode.swift; path = AssignmentDetail.swift; sourceTree = "<group>"; };
/* End PBXFileReference section */

/* Begin PBXFrameworksBuildPhase section */
		DBFA9C3C2A637C4E003C05EB /* Frameworks */ = {
			isa = PBXFrameworksBuildPhase;
			buildActionMask = 2147483647;
			files = (
			);
			runOnlyForDeploymentPostprocessing = 0;
		};
/* End PBXFrameworksBuildPhase section */

/* Begin PBXGroup section */
		DBFA9C362A637C4E003C05EB = {
			isa = PBXGroup;
			children = (
				DBFA9C412A637C4E003C05EB /* GradeCalc */,
				DBFA9C402A637C4E003C05EB /* Products */,
			);
			sourceTree = "<group>";
		};
		DBFA9C402A637C4E003C05EB /* Products */ = {
			isa = PBXGroup;
			children = (
				DBFA9C3F2A637C4E003C05EB /* GradeCalc.app */,
			);
			name = Products;
			sourceTree = "<group>";
		};
		DBFA9C412A637C4E003C05EB /* GradeCalc */ = {
			isa = PBXGroup;
			children = (
				DBFA9C542A637D48003C05EB /* Data Model */,
				DBFA9C592A6386BB003C05EB /* Views */,
				DBFA9C422A637C4E003C05EB /* GradeCalcApp.swift */,
				DBFA9C462A637C4E003C05EB /* Assets.xcassets */,
				DBFA9C482A637C4E003C05EB /* GradeCalc.entitlements */,
				DBFA9C492A637C4E003C05EB /* Preview Content */,
			);
			path = GradeCalc;
			sourceTree = "<group>";
		};
		DBFA9C492A637C4E003C05EB /* Preview Content */ = {
			isa = PBXGroup;
			children = (
				DBFA9C4A2A637C4E003C05EB /* Preview Assets.xcassets */,
			);
			path = "Preview Content";
			sourceTree = "<group>";
		};
		DBFA9C542A637D48003C05EB /* Data Model */ = {
			isa = PBXGroup;
			children = (
				DBFA9C512A637CCA003C05EB /* GradeCalc.xcdatamodeld */,
				DBFA9C552A637D5E003C05EB /* DataController.swift */,
			);
			path = "Data Model";
			sourceTree = "<group>";
		};
		DBFA9C592A6386BB003C05EB /* Views */ = {
			isa = PBXGroup;
			children = (
				DBFA9C442A637C4E003C05EB /* ContentView.swift */,
				DBFA9C5A2A6386DD003C05EB /* AssignmentGroupView.swift */,
				DBFA9C572A637F3B003C05EB /* AddAssignment.swift */,
				DBFA9C5C2A638751003C05EB /* AssignmentDetail.swift */,
			);
			path = Views;
			sourceTree = "<group>";
		};
/* End PBXGroup section */

/* Begin PBXNativeTarget section */
		DBFA9C3E2A637C4E003C05EB /* GradeCalc */ = {
			isa = PBXNativeTarget;
			buildConfigurationList = DBFA9C4E2A637C4E003C05EB /* Build configuration list for PBXNativeTarget "GradeCalc" */;
			buildPhases = (
				DBFA9C3B2A637C4E003C05EB /* Sources */,
				DBFA9C3C2A637C4E003C05EB /* Frameworks */,
				DBFA9C3D2A637C4E003C05EB /* Resources */,
			);
			buildRules = (
			);
			dependencies = (
			);
			name = GradeCalc;
			productName = GradeCalc;
			productReference = DBFA9C3F2A637C4E003C05EB /* GradeCalc.app */;
			productType = "com.apple.product-type.application";
		};
/* End PBXNativeTarget section */

/* Begin PBXProject section */
		DBFA9C372A637C4E003C05EB /* Project object */ = {
			isa = PBXProject;
			attributes = {
				BuildIndependentTargetsInParallel = 1;
				LastSwiftUpdateCheck = 1430;
				LastUpgradeCheck = 1430;
				TargetAttributes = {
					DBFA9C3E2A637C4E003C05EB = {
						CreatedOnToolsVersion = 14.3.1;
					};
				};
			};
			buildConfigurationList = DBFA9C3A2A637C4E003C05EB /* Build configuration list for PBXProject "GradeCalc" */;
			compatibilityVersion = "Xcode 14.0";
			developmentRegion = en;
			hasScannedForEncodings = 0;
			knownRegions = (
				en,
				Base,
			);
			mainGroup = DBFA9C362A637C4E003C05EB;
			productRefGroup = DBFA9C402A637C4E003C05EB /* Products */;
			projectDirPath = "";
			projectRoot = "";
			targets = (
				DBFA9C3E2A637C4E003C05EB /* GradeCalc */,
			);
		};
/* End PBXProject section */

/* Begin PBXResourcesBuildPhase section */
		DBFA9C3D2A637C4E003C05EB /* Resources */ = {
			isa = PBXResourcesBuildPhase;
			buildActionMask = 2147483647;
			files = (
				DBFA9C4B2A637C4E003C05EB /* Preview Assets.xcassets in Resources */,
				DBFA9C472A637C4E003C05EB /* Assets.xcassets in Resources */,
			);
			runOnlyForDeploymentPostprocessing = 0;
		};
/* End PBXResourcesBuildPhase section */

/* Begin PBXSourcesBuildPhase section */
		DBFA9C3B2A637C4E003C05EB /* Sources */ = {
			isa = PBXSourcesBuildPhase;
			buildActionMask = 2147483647;
			files = (
				DBFA9C452A637C4E003C05EB /* ContentView.swift in Sources */,
				DBFA9C562A637D5E003C05EB /* DataController.swift in Sources */,
				DBFA9C582A637F3B003C05EB /* AddAssignment.swift in Sources */,
				DBFA9C532A637CCA003C05EB /* GradeCalc.xcdatamodeld in Sources */,
				DBFA9C5B2A6386DD003C05EB /* AssignmentGroupView.swift in Sources */,
				DB251DDD2A63993900AF16D4 /* AssignmentDetail.swift in Sources */,
				DBFA9C432A637C4E003C05EB /* GradeCalcApp.swift in Sources */,
			);
			runOnlyForDeploymentPostprocessing = 0;
		};
/* End PBXSourcesBuildPhase section */

/* Begin XCBuildConfiguration section */
		DBFA9C4C2A637C4E003C05EB /* Debug */ = {
			isa = XCBuildConfiguration;
			buildSettings = {
				ALWAYS_SEARCH_USER_PATHS = NO;
				CLANG_ANALYZER_NONNULL = YES;
				CLANG_ANALYZER_NUMBER_OBJECT_CONVERSION = YES_AGGRESSIVE;
				CLANG_CXX_LANGUAGE_STANDARD = "gnu++20";
				CLANG_ENABLE_MODULES = YES;
				CLANG_ENABLE_OBJC_ARC = YES;
				CLANG_ENABLE_OBJC_WEAK = YES;
				CLANG_WARN_BLOCK_CAPTURE_AUTORELEASING = YES;
				CLANG_WARN_BOOL_CONVERSION = YES;
				CLANG_WARN_COMMA = YES;
				CLANG_WARN_CONSTANT_CONVERSION = YES;
				CLANG_WARN_DEPRECATED_OBJC_IMPLEMENTATIONS = YES;
				CLANG_WARN_DIRECT_OBJC_ISA_USAGE = YES_ERROR;
				CLANG_WARN_DOCUMENTATION_COMMENTS = YES;
				CLANG_WARN_EMPTY_BODY = YES;
				CLANG_WARN_ENUM_CONVERSION = YES;
				CLANG_WARN_INFINITE_RECURSION = YES;
				CLANG_WARN_INT_CONVERSION = YES;
				CLANG_WARN_NON_LITERAL_NULL_CONVERSION = YES;
				CLANG_WARN_OBJC_IMPLICIT_RETAIN_SELF = YES;
				CLANG_WARN_OBJC_LITERAL_CONVERSION = YES;
				CLANG_WARN_OBJC_ROOT_CLASS = YES_ERROR;
				CLANG_WARN_QUOTED_INCLUDE_IN_FRAMEWORK_HEADER = YES;
				CLANG_WARN_RANGE_LOOP_ANALYSIS = YES;
				CLANG_WARN_STRICT_PROTOTYPES = YES;
				CLANG_WARN_SUSPICIOUS_MOVE = YES;
				CLANG_WARN_UNGUARDED_AVAILABILITY = YES_AGGRESSIVE;
				CLANG_WARN_UNREACHABLE_CODE = YES;
				CLANG_WARN__DUPLICATE_METHOD_MATCH = YES;
				COPY_PHASE_STRIP = NO;
				DEBUG_INFORMATION_FORMAT = dwarf;
				ENABLE_STRICT_OBJC_MSGSEND = YES;
				ENABLE_TESTABILITY = YES;
				GCC_C_LANGUAGE_STANDARD = gnu11;
				GCC_DYNAMIC_NO_PIC = NO;
				GCC_NO_COMMON_BLOCKS = YES;
				GCC_OPTIMIZATION_LEVEL = 0;
				GCC_PREPROCESSOR_DEFINITIONS = (
					"DEBUG=1",
					"$(inherited)",
				);
				GCC_WARN_64_TO_32_BIT_CONVERSION = YES;
				GCC_WARN_ABOUT_RETURN_TYPE = YES_ERROR;
				GCC_WARN_UNDECLARED_SELECTOR = YES;
				GCC_WARN_UNINITIALIZED_AUTOS = YES_AGGRESSIVE;
				GCC_WARN_UNUSED_FUNCTION = YES;
				GCC_WARN_UNUSED_VARIABLE = YES;
				MTL_ENABLE_DEBUG_INFO = INCLUDE_SOURCE;
				MTL_FAST_MATH = YES;
				ONLY_ACTIVE_ARCH = YES;
				SWIFT_ACTIVE_COMPILATION_CONDITIONS = DEBUG;
				SWIFT_OPTIMIZATION_LEVEL = "-Onone";
			};
			name = Debug;
		};
		DBFA9C4D2A637C4E003C05EB /* Release */ = {
			isa = XCBuildConfiguration;
			buildSettings = {
				ALWAYS_SEARCH_USER_PATHS = NO;
				CLANG_ANALYZER_NONNULL = YES;
				CLANG_ANALYZER_NUMBER_OBJECT_CONVERSION = YES_AGGRESSIVE;
				CLANG_CXX_LANGUAGE_STANDARD = "gnu++20";
				CLANG_ENABLE_MODULES = YES;
				CLANG_ENABLE_OBJC_ARC = YES;
				CLANG_ENABLE_OBJC_WEAK = YES;
				CLANG_WARN_BLOCK_CAPTURE_AUTORELEASING = YES;
				CLANG_WARN_BOOL_CONVERSION = YES;
				CLANG_WARN_COMMA = YES;
				CLANG_WARN_CONSTANT_CONVERSION = YES;
				CLANG_WARN_DEPRECATED_OBJC_IMPLEMENTATIONS = YES;
				CLANG_WARN_DIRECT_OBJC_ISA_USAGE = YES_ERROR;
				CLANG_WARN_DOCUMENTATION_COMMENTS = YES;
				CLANG_WARN_EMPTY_BODY = YES;
				CLANG_WARN_ENUM_CONVERSION = YES;
				CLANG_WARN_INFINITE_RECURSION = YES;
				CLANG_WARN_INT_CONVERSION = YES;
				CLANG_WARN_NON_LITERAL_NULL_CONVERSION = YES;
				CLANG_WARN_OBJC_IMPLICIT_RETAIN_SELF = YES;
				CLANG_WARN_OBJC_LITERAL_CONVERSION = YES;
				CLANG_WARN_OBJC_ROOT_CLASS = YES_ERROR;
				CLANG_WARN_QUOTED_INCLUDE_IN_FRAMEWORK_HEADER = YES;
				CLANG_WARN_RANGE_LOOP_ANALYSIS = YES;
				CLANG_WARN_STRICT_PROTOTYPES = YES;
				CLANG_WARN_SUSPICIOUS_MOVE = YES;
				CLANG_WARN_UNGUARDED_AVAILABILITY = YES_AGGRESSIVE;
				CLANG_WARN_UNREACHABLE_CODE = YES;
				CLANG_WARN__DUPLICATE_METHOD_MATCH = YES;
				COPY_PHASE_STRIP = NO;
				DEBUG_INFORMATION_FORMAT = "dwarf-with-dsym";
				ENABLE_NS_ASSERTIONS = NO;
				ENABLE_STRICT_OBJC_MSGSEND = YES;
				GCC_C_LANGUAGE_STANDARD = gnu11;
				GCC_NO_COMMON_BLOCKS = YES;
				GCC_WARN_64_TO_32_BIT_CONVERSION = YES;
				GCC_WARN_ABOUT_RETURN_TYPE = YES_ERROR;
				GCC_WARN_UNDECLARED_SELECTOR = YES;
				GCC_WARN_UNINITIALIZED_AUTOS = YES_AGGRESSIVE;
				GCC_WARN_UNUSED_FUNCTION = YES;
				GCC_WARN_UNUSED_VARIABLE = YES;
				MTL_ENABLE_DEBUG_INFO = NO;
				MTL_FAST_MATH = YES;
				SWIFT_COMPILATION_MODE = wholemodule;
				SWIFT_OPTIMIZATION_LEVEL = "-O";
			};
			name = Release;
		};
		DBFA9C4F2A637C4E003C05EB /* Debug */ = {
			isa = XCBuildConfiguration;
			buildSettings = {
				ASSETCATALOG_COMPILER_APPICON_NAME = AppIcon;
				ASSETCATALOG_COMPILER_GLOBAL_ACCENT_COLOR_NAME = AccentColor;
				CODE_SIGN_ENTITLEMENTS = GradeCalc/GradeCalc.entitlements;
				CODE_SIGN_STYLE = Automatic;
				CURRENT_PROJECT_VERSION = 1;
				DEVELOPMENT_ASSET_PATHS = "\"GradeCalc/Preview Content\"";
				DEVELOPMENT_TEAM = 8YFJF4TF38;
				ENABLE_HARDENED_RUNTIME = YES;
				ENABLE_PREVIEWS = YES;
				GENERATE_INFOPLIST_FILE = YES;
				"INFOPLIST_KEY_UIApplicationSceneManifest_Generation[sdk=iphoneos*]" = YES;
				"INFOPLIST_KEY_UIApplicationSceneManifest_Generation[sdk=iphonesimulator*]" = YES;
				"INFOPLIST_KEY_UIApplicationSupportsIndirectInputEvents[sdk=iphoneos*]" = YES;
				"INFOPLIST_KEY_UIApplicationSupportsIndirectInputEvents[sdk=iphonesimulator*]" = YES;
				"INFOPLIST_KEY_UILaunchScreen_Generation[sdk=iphoneos*]" = YES;
				"INFOPLIST_KEY_UILaunchScreen_Generation[sdk=iphonesimulator*]" = YES;
				"INFOPLIST_KEY_UIStatusBarStyle[sdk=iphoneos*]" = UIStatusBarStyleDefault;
				"INFOPLIST_KEY_UIStatusBarStyle[sdk=iphonesimulator*]" = UIStatusBarStyleDefault;
				INFOPLIST_KEY_UISupportedInterfaceOrientations_iPad = "UIInterfaceOrientationPortrait UIInterfaceOrientationPortraitUpsideDown UIInterfaceOrientationLandscapeLeft UIInterfaceOrientationLandscapeRight";
				INFOPLIST_KEY_UISupportedInterfaceOrientations_iPhone = "UIInterfaceOrientationPortrait UIInterfaceOrientationLandscapeLeft UIInterfaceOrientationLandscapeRight";
				IPHONEOS_DEPLOYMENT_TARGET = 16.4;
				LD_RUNPATH_SEARCH_PATHS = "@executable_path/Frameworks";
				"LD_RUNPATH_SEARCH_PATHS[sdk=macosx*]" = "@executable_path/../Frameworks";
				MACOSX_DEPLOYMENT_TARGET = 13.3;
				MARKETING_VERSION = 1.0;
				PRODUCT_BUNDLE_IDENTIFIER = andrewsmith2374.GradeCalc;
				PRODUCT_NAME = "$(TARGET_NAME)";
				SDKROOT = auto;
				SUPPORTED_PLATFORMS = "iphoneos iphonesimulator macosx";
				SWIFT_EMIT_LOC_STRINGS = YES;
				SWIFT_VERSION = 5.0;
				TARGETED_DEVICE_FAMILY = "1,2";
			};
			name = Debug;
		};
		DBFA9C502A637C4E003C05EB /* Release */ = {
			isa = XCBuildConfiguration;
			buildSettings = {
				ASSETCATALOG_COMPILER_APPICON_NAME = AppIcon;
				ASSETCATALOG_COMPILER_GLOBAL_ACCENT_COLOR_NAME = AccentColor;
				CODE_SIGN_ENTITLEMENTS = GradeCalc/GradeCalc.entitlements;
				CODE_SIGN_STYLE = Automatic;
				CURRENT_PROJECT_VERSION = 1;
				DEVELOPMENT_ASSET_PATHS = "\"GradeCalc/Preview Content\"";
				DEVELOPMENT_TEAM = 8YFJF4TF38;
				ENABLE_HARDENED_RUNTIME = YES;
				ENABLE_PREVIEWS = YES;
				GENERATE_INFOPLIST_FILE = YES;
				"INFOPLIST_KEY_UIApplicationSceneManifest_Generation[sdk=iphoneos*]" = YES;
				"INFOPLIST_KEY_UIApplicationSceneManifest_Generation[sdk=iphonesimulator*]" = YES;
				"INFOPLIST_KEY_UIApplicationSupportsIndirectInputEvents[sdk=iphoneos*]" = YES;
				"INFOPLIST_KEY_UIApplicationSupportsIndirectInputEvents[sdk=iphonesimulator*]" = YES;
				"INFOPLIST_KEY_UILaunchScreen_Generation[sdk=iphoneos*]" = YES;
				"INFOPLIST_KEY_UILaunchScreen_Generation[sdk=iphonesimulator*]" = YES;
				"INFOPLIST_KEY_UIStatusBarStyle[sdk=iphoneos*]" = UIStatusBarStyleDefault;
				"INFOPLIST_KEY_UIStatusBarStyle[sdk=iphonesimulator*]" = UIStatusBarStyleDefault;
				INFOPLIST_KEY_UISupportedInterfaceOrientations_iPad = "UIInterfaceOrientationPortrait UIInterfaceOrientationPortraitUpsideDown UIInterfaceOrientationLandscapeLeft UIInterfaceOrientationLandscapeRight";
				INFOPLIST_KEY_UISupportedInterfaceOrientations_iPhone = "UIInterfaceOrientationPortrait UIInterfaceOrientationLandscapeLeft UIInterfaceOrientationLandscapeRight";
				IPHONEOS_DEPLOYMENT_TARGET = 16.4;
				LD_RUNPATH_SEARCH_PATHS = "@executable_path/Frameworks";
				"LD_RUNPATH_SEARCH_PATHS[sdk=macosx*]" = "@executable_path/../Frameworks";
				MACOSX_DEPLOYMENT_TARGET = 13.3;
				MARKETING_VERSION = 1.0;
				PRODUCT_BUNDLE_IDENTIFIER = andrewsmith2374.GradeCalc;
				PRODUCT_NAME = "$(TARGET_NAME)";
				SDKROOT = auto;
				SUPPORTED_PLATFORMS = "iphoneos iphonesimulator macosx";
				SWIFT_EMIT_LOC_STRINGS = YES;
				SWIFT_VERSION = 5.0;
				TARGETED_DEVICE_FAMILY = "1,2";
			};
			name = Release;
		};
/* End XCBuildConfiguration section */

/* Begin XCConfigurationList section */
		DBFA9C3A2A637C4E003C05EB /* Build configuration list for PBXProject "GradeCalc" */ = {
			isa = XCConfigurationList;
			buildConfigurations = (
				DBFA9C4C2A637C4E003C05EB /* Debug */,
				DBFA9C4D2A637C4E003C05EB /* Release */,
			);
			defaultConfigurationIsVisible = 0;
			defaultConfigurationName = Release;
		};
		DBFA9C4E2A637C4E003C05EB /* Build configuration list for PBXNativeTarget "GradeCalc" */ = {
			isa = XCConfigurationList;
			buildConfigurations = (
				DBFA9C4F2A637C4E003C05EB /* Debug */,
				DBFA9C502A637C4E003C05EB /* Release */,
			);
			defaultConfigurationIsVisible = 0;
			defaultConfigurationName = Release;
		};
/* End XCConfigurationList section */

/* Begin XCVersionGroup section */
		DBFA9C512A637CCA003C05EB /* GradeCalc.xcdatamodeld */ = {
			isa = XCVersionGroup;
			children = (
				DBFA9C522A637CCA003C05EB /* GradeCalc.xcdatamodel */,
			);
			currentVersion = DBFA9C522A637CCA003C05EB /* GradeCalc.xcdatamodel */;
			path = GradeCalc.xcdatamodeld;
			sourceTree = "<group>";
			versionGroupType = wrapper.xcdatamodel;
		};
/* End XCVersionGroup section */
	};
	rootObject = DBFA9C372A637C4E003C05EB /* Project object */;
}
